
Microsoft Visual Studio Solution File, Format Version 12.00
Project("{FAE04EC0-301F-11D3-BF4B-00C04F79EFBC}") = "Flandre.Plugins.SkyBlock", "src\Flandre.Plugins.SkyBlock\Flandre.Plugins.SkyBlock.csproj", "{A50279A3-8C05-4D03-9590-4D2873F7CC9F}"
EndProject
Project("{FAE04EC0-301F-11D3-BF4B-00C04F79EFBC}") = "ExampleSkyBlockBot", "examples\ExampleSkyBlockBot\ExampleSkyBlockBot.csproj", "{15C031DE-FEA1-4880-999B-F004412AD4D8}"
EndProject
Global
	GlobalSection(SolutionConfigurationPlatforms) = preSolution
		Debug|Any CPU = Debug|Any CPU
		Release|Any CPU = Release|Any CPU
	EndGlobalSection
	GlobalSection(ProjectConfigurationPlatforms) = postSolution
		{A50279A3-8C05-4D03-9590-4D2873F7CC9F}.Debug|Any CPU.ActiveCfg = Debug|Any CPU
		{A50279A3-8C05-4D03-9590-4D2873F7CC9F}.Debug|Any CPU.Build.0 = Debug|Any CPU
		{A50279A3-8C05-4D03-9590-4D2873F7CC9F}.Release|Any CPU.ActiveCfg = Release|Any CPU
		{A50279A3-8C05-4D03-9590-4D2873F7CC9F}.Release|Any CPU.Build.0 = Release|Any CPU
		{15C031DE-FEA1-4880-999B-F004412AD4D8}.Debug|Any CPU.ActiveCfg = Debug|Any CPU
		{15C031DE-FEA1-4880-999B-F004412AD4D8}.Debug|Any CPU.Build.0 = Debug|Any CPU
		{15C031DE-FEA1-4880-999B-F004412AD4D8}.Release|Any CPU.ActiveCfg = Release|Any CPU
		{15C031DE-FEA1-4880-999B-F004412AD4D8}.Release|Any CPU.Build.0 = Release|Any CPU
	EndGlobalSection
EndGlobal
